
Microsoft Visual Studio Solution File, Format Version 12.00
# Visual Studio Version 17
VisualStudioVersion = 17.4.33213.308
MinimumVisualStudioVersion = 10.0.40219.1
Project("{FAE04EC0-301F-11D3-BF4B-00C04F79EFBC}") = "CustomDialogAppearance.Server", "Server\CustomDialogAppearance.Server.csproj", "{17192945-2F35-4A52-B83E-61A83FC62642}"
EndProject
Project("{FAE04EC0-301F-11D3-BF4B-00C04F79EFBC}") = "CustomDialogAppearance.Client", "Client\CustomDialogAppearance.Client.csproj", "{730C4CA5-D346-43CE-A478-0B728D689F51}"
EndProject
Project("{FAE04EC0-301F-11D3-BF4B-00C04F79EFBC}") = "CustomDialogAppearance.Shared", "Shared\CustomDialogAppearance.Shared.csproj", "{34695B08-97BD-4774-BF28-4A29BF15D2E5}"
EndProject
Global
	GlobalSection(SolutionConfigurationPlatforms) = preSolution
		Debug|Any CPU = Debug|Any CPU
		Release|Any CPU = Release|Any CPU
	EndGlobalSection
	GlobalSection(ProjectConfigurationPlatforms) = postSolution
		{17192945-2F35-4A52-B83E-61A83FC62642}.Debug|Any CPU.ActiveCfg = Debug|Any CPU
		{17192945-2F35-4A52-B83E-61A83FC62642}.Debug|Any CPU.Build.0 = Debug|Any CPU
		{17192945-2F35-4A52-B83E-61A83FC62642}.Release|Any CPU.ActiveCfg = Release|Any CPU
		{17192945-2F35-4A52-B83E-61A83FC62642}.Release|Any CPU.Build.0 = Release|Any CPU
		{730C4CA5-D346-43CE-A478-0B728D689F51}.Debug|Any CPU.ActiveCfg = Debug|Any CPU
		{730C4CA5-D346-43CE-A478-0B728D689F51}.Debug|Any CPU.Build.0 = Debug|Any CPU
		{730C4CA5-D346-43CE-A478-0B728D689F51}.Release|Any CPU.ActiveCfg = Release|Any CPU
		{730C4CA5-D346-43CE-A478-0B728D689F51}.Release|Any CPU.Build.0 = Release|Any CPU
		{34695B08-97BD-4774-BF28-4A29BF15D2E5}.Debug|Any CPU.ActiveCfg = Debug|Any CPU
		{34695B08-97BD-4774-BF28-4A29BF15D2E5}.Debug|Any CPU.Build.0 = Debug|Any CPU
		{34695B08-97BD-4774-BF28-4A29BF15D2E5}.Release|Any CPU.ActiveCfg = Release|Any CPU
		{34695B08-97BD-4774-BF28-4A29BF15D2E5}.Release|Any CPU.Build.0 = Release|Any CPU
	EndGlobalSection
	GlobalSection(SolutionProperties) = preSolution
		HideSolutionNode = FALSE
	EndGlobalSection
	GlobalSection(ExtensibilityGlobals) = postSolution
		SolutionGuid = {24550E03-5269-4630-9C69-75D3E3EA7EC4}
	EndGlobalSection
EndGlobal
